
Microsoft Visual Studio Solution File, Format Version 12.00
# Visual Studio Version 16
VisualStudioVersion = 16.0.30907.101
MinimumVisualStudioVersion = 10.0.40219.1
Project("{FAE04EC0-301F-11D3-BF4B-00C04F79EFBC}") = "OOP-Practice-Abstraction", "OOP-Practice-Abstraction\OOP-Practice-Abstraction.csproj", "{ECA1D87E-7D97-432D-882F-D0C99F710167}"
EndProject
Global
	GlobalSection(SolutionConfigurationPlatforms) = preSolution
		Debug|Any CPU = Debug|Any CPU
		Release|Any CPU = Release|Any CPU
	EndGlobalSection
	GlobalSection(ProjectConfigurationPlatforms) = postSolution
		{ECA1D87E-7D97-432D-882F-D0C99F710167}.Debug|Any CPU.ActiveCfg = Debug|Any CPU
		{ECA1D87E-7D97-432D-882F-D0C99F710167}.Debug|Any CPU.Build.0 = Debug|Any CPU
		{ECA1D87E-7D97-432D-882F-D0C99F710167}.Release|Any CPU.ActiveCfg = Release|Any CPU
		{ECA1D87E-7D97-432D-882F-D0C99F710167}.Release|Any CPU.Build.0 = Release|Any CPU
	EndGlobalSection
	GlobalSection(SolutionProperties) = preSolution
		HideSolutionNode = FALSE
	EndGlobalSection
	GlobalSection(ExtensibilityGlobals) = postSolution
		SolutionGuid = {3826CFFE-EB0D-4FB1-80A7-F7918C9AB8C4}
	EndGlobalSection
EndGlobal
